
Microsoft Visual Studio Solution File, Format Version 12.00
# Visual Studio Version 16
VisualStudioVersion = 16.0.29001.49
MinimumVisualStudioVersion = 10.0.40219.1
Project("{FAE04EC0-301F-11D3-BF4B-00C04F79EFBC}") = "JWTAuth", "JWTAuth\JWTAuth.csproj", "{C8F0AA37-6EDF-4AD0-B692-E1447196165F}"
EndProject
Global
	GlobalSection(SolutionConfigurationPlatforms) = preSolution
		Debug|Any CPU = Debug|Any CPU
		Release|Any CPU = Release|Any CPU
	EndGlobalSection
	GlobalSection(ProjectConfigurationPlatforms) = postSolution
		{C8F0AA37-6EDF-4AD0-B692-E1447196165F}.Debug|Any CPU.ActiveCfg = Debug|Any CPU
		{C8F0AA37-6EDF-4AD0-B692-E1447196165F}.Debug|Any CPU.Build.0 = Debug|Any CPU
		{C8F0AA37-6EDF-4AD0-B692-E1447196165F}.Release|Any CPU.ActiveCfg = Release|Any CPU
		{C8F0AA37-6EDF-4AD0-B692-E1447196165F}.Release|Any CPU.Build.0 = Release|Any CPU
	EndGlobalSection
	GlobalSection(SolutionProperties) = preSolution
		HideSolutionNode = FALSE
	EndGlobalSection
	GlobalSection(ExtensibilityGlobals) = postSolution
		SolutionGuid = {B84EEC24-FC1D-4AB1-8BE5-8334D24DAF45}
	EndGlobalSection
EndGlobal
